
Microsoft Visual Studio Solution File, Format Version 11.00
# Visual Studio 2010
Project("{FAE04EC0-301F-11D3-BF4B-00C04F79EFBC}") = "Unity.Timeline", "Unity.Timeline.csproj", "{760f05d7-8382-d562-d3dc-86c951836654}"
EndProject
Project("{FAE04EC0-301F-11D3-BF4B-00C04F79EFBC}") = "Unity.Timeline.Editor", "Unity.Timeline.Editor.csproj", "{e949955a-52e4-9404-589e-4d13dbecec20}"
EndProject
Project("{FAE04EC0-301F-11D3-BF4B-00C04F79EFBC}") = "Unity.PlasticSCM.Editor", "Unity.PlasticSCM.Editor.csproj", "{ea9f04f8-ac8a-fc74-3667-ec793edf9dff}"
EndProject
Project("{FAE04EC0-301F-11D3-BF4B-00C04F79EFBC}") = "UnityEngine.UI", "UnityEngine.UI.csproj", "{a54b71fd-1b76-d6d6-6556-c9e4c8b2c11c}"
EndProject
Project("{FAE04EC0-301F-11D3-BF4B-00C04F79EFBC}") = "Unity.InputSystem", "Unity.InputSystem.csproj", "{1ec6e3eb-a97d-6e25-aabf-1f121ee15669}"
EndProject
Project("{FAE04EC0-301F-11D3-BF4B-00C04F79EFBC}") = "Nobi.UiRoundedCorners", "Nobi.UiRoundedCorners.csproj", "{62c7117c-7d7a-a7c6-b76b-c151c04b5105}"
EndProject
Project("{FAE04EC0-301F-11D3-BF4B-00C04F79EFBC}") = "Unity.2D.Psdimporter.Editor", "Unity.2D.Psdimporter.Editor.csproj", "{d6393301-0638-2ae2-5374-c9a0fc390e96}"
EndProject
Project("{FAE04EC0-301F-11D3-BF4B-00C04F79EFBC}") = "UnityEditor.UI", "UnityEditor.UI.csproj", "{bd8d6f30-092c-4dc2-d1f3-11d0ef995d84}"
EndProject
Project("{FAE04EC0-301F-11D3-BF4B-00C04F79EFBC}") = "Unity.Mathematics", "Unity.Mathematics.csproj", "{845515c5-4ceb-eed3-1db7-c89325fd3cd9}"
EndProject
Project("{FAE04EC0-301F-11D3-BF4B-00C04F79EFBC}") = "Unity.2D.Common.Path.Editor", "Unity.2D.Common.Path.Editor.csproj", "{0f17f807-0623-0edc-aaf1-bf70eaecfc7c}"
EndProject
Project("{FAE04EC0-301F-11D3-BF4B-00C04F79EFBC}") = "Unity.Multiplayer.Center.Editor", "Unity.Multiplayer.Center.Editor.csproj", "{af5f0c37-8077-ec99-dd2d-03e99ad68d53}"
EndProject
Project("{FAE04EC0-301F-11D3-BF4B-00C04F79EFBC}") = "UnityEngine.TestRunner", "UnityEngine.TestRunner.csproj", "{6bb0f60d-eb61-f24e-fea1-924fde5a7e57}"
EndProject
Project("{FAE04EC0-301F-11D3-BF4B-00C04F79EFBC}") = "UnityEditor.TestRunner", "UnityEditor.TestRunner.csproj", "{ed2b2a3b-baa1-a96b-dfb9-0b777d5f3fe8}"
EndProject
Project("{FAE04EC0-301F-11D3-BF4B-00C04F79EFBC}") = "PsdPlugin", "PsdPlugin.csproj", "{0fd2f598-09d8-650a-e88e-5872fca0d638}"
EndProject
Project("{FAE04EC0-301F-11D3-BF4B-00C04F79EFBC}") = "Ink-Libraries", "Ink-Libraries.csproj", "{24a90170-db09-9c23-8854-e675fd7bfaea}"
EndProject
Project("{FAE04EC0-301F-11D3-BF4B-00C04F79EFBC}") = "Unity.Burst", "Unity.Burst.csproj", "{28b73303-623f-e896-f092-c3fdaee69340}"
EndProject
Project("{FAE04EC0-301F-11D3-BF4B-00C04F79EFBC}") = "Assembly-CSharp", "Assembly-CSharp.csproj", "{05664fcd-b661-7a68-ced0-88b1155a1e55}"
EndProject
Project("{FAE04EC0-301F-11D3-BF4B-00C04F79EFBC}") = "Unity.VisualStudio.Editor", "Unity.VisualStudio.Editor.csproj", "{e55037f7-aa6a-5456-b209-b82558e888c3}"
EndProject
Project("{FAE04EC0-301F-11D3-BF4B-00C04F79EFBC}") = "Unity.AI.Navigation.Editor", "Unity.AI.Navigation.Editor.csproj", "{90154e87-280e-57e0-6889-7b92d793bbca}"
EndProject
Project("{FAE04EC0-301F-11D3-BF4B-00C04F79EFBC}") = "InkEditor", "InkEditor.csproj", "{3d2c4c4d-617c-2f94-1c42-3b8716ce2791}"
EndProject
Project("{FAE04EC0-301F-11D3-BF4B-00C04F79EFBC}") = "Unity.TextMeshPro.Editor", "Unity.TextMeshPro.Editor.csproj", "{cd4f69c0-e9ec-8791-310b-1458cdeece47}"
EndProject
Project("{FAE04EC0-301F-11D3-BF4B-00C04F79EFBC}") = "Unity.Rider.Editor", "Unity.Rider.Editor.csproj", "{566b3636-4126-5b4f-dc82-8bf2f541c379}"
EndProject
Project("{FAE04EC0-301F-11D3-BF4B-00C04F79EFBC}") = "Unity.InternalAPIEditorBridge.001", "Unity.InternalAPIEditorBridge.001.csproj", "{5d8f1108-7242-fc02-0f44-f64a43020a89}"
EndProject
Project("{FAE04EC0-301F-11D3-BF4B-00C04F79EFBC}") = "Unity.AI.Navigation", "Unity.AI.Navigation.csproj", "{42e05a93-3883-43ee-a8d8-7c1f63ad91c1}"
EndProject
Project("{FAE04EC0-301F-11D3-BF4B-00C04F79EFBC}") = "Unity.CollabProxy.Editor", "Unity.CollabProxy.Editor.csproj", "{664bf4ef-a8bf-dd30-8729-435103f76680}"
EndProject
Project("{FAE04EC0-301F-11D3-BF4B-00C04F79EFBC}") = "Unity.AI.Navigation.Editor.ConversionSystem", "Unity.AI.Navigation.Editor.ConversionSystem.csproj", "{3a0172a7-3073-f316-b569-fa2ee1da8d0a}"
EndProject
Project("{FAE04EC0-301F-11D3-BF4B-00C04F79EFBC}") = "ScriptablePacker", "ScriptablePacker.csproj", "{4e620818-b1db-03fa-63d9-1afd0c5c7e9d}"
EndProject
Project("{FAE04EC0-301F-11D3-BF4B-00C04F79EFBC}") = "Unity.Burst.CodeGen", "Unity.Burst.CodeGen.csproj", "{a62b1f24-c2c5-b0ec-fac6-1dc774b6ce76}"
EndProject
Project("{FAE04EC0-301F-11D3-BF4B-00C04F79EFBC}") = "Unity.TextMeshPro", "Unity.TextMeshPro.csproj", "{3a4733f0-99f5-6b87-3ed6-439fc4753956}"
EndProject
Project("{FAE04EC0-301F-11D3-BF4B-00C04F79EFBC}") = "Unity.InputSystem.TestFramework", "Unity.InputSystem.TestFramework.csproj", "{358fb24a-0338-67f6-8e0f-a3550e26c8aa}"
EndProject
Project("{FAE04EC0-301F-11D3-BF4B-00C04F79EFBC}") = "Assembly-CSharp-firstpass", "Assembly-CSharp-firstpass.csproj", "{e5f4682a-e80b-1685-9e19-8f84b0bafd10}"
EndProject
Project("{FAE04EC0-301F-11D3-BF4B-00C04F79EFBC}") = "Unity.InternalAPIEngineBridge.001", "Unity.InternalAPIEngineBridge.001.csproj", "{577f284d-b172-570b-dafd-fea16c28c5a1}"
EndProject
Project("{FAE04EC0-301F-11D3-BF4B-00C04F79EFBC}") = "Unity.Burst.Editor", "Unity.Burst.Editor.csproj", "{10086a69-5f0a-6ea7-4649-f5fb361f96f7}"
EndProject
Project("{FAE04EC0-301F-11D3-BF4B-00C04F79EFBC}") = "Unity.2D.Common.Editor", "Unity.2D.Common.Editor.csproj", "{b1c01d71-4b58-5416-bdf7-19c3d384d4e6}"
EndProject
Project("{FAE04EC0-301F-11D3-BF4B-00C04F79EFBC}") = "Unity.2D.Sprite.Editor", "Unity.2D.Sprite.Editor.csproj", "{186734e2-e84e-f13a-02e3-dbf899a97571}"
EndProject
Project("{FAE04EC0-301F-11D3-BF4B-00C04F79EFBC}") = "Unity.AI.Navigation.Updater", "Unity.AI.Navigation.Updater.csproj", "{980e5a21-def8-687b-6164-11cda2003d7b}"
EndProject
Project("{FAE04EC0-301F-11D3-BF4B-00C04F79EFBC}") = "Nobi.UiRoundedCorners.Editor", "Nobi.UiRoundedCorners.Editor.csproj", "{5dcb9f2b-d436-8b96-614d-a8b6b8f10cb5}"
EndProject
Project("{FAE04EC0-301F-11D3-BF4B-00C04F79EFBC}") = "Unity.2D.Common.Runtime", "Unity.2D.Common.Runtime.csproj", "{968510b7-f412-a161-6357-6c9d5dbf18de}"
EndProject
Project("{FAE04EC0-301F-11D3-BF4B-00C04F79EFBC}") = "Unity.Multiplayer.Center.Common", "Unity.Multiplayer.Center.Common.csproj", "{2ae19e1c-0b66-bf35-e0c4-eea1523da7a6}"
EndProject
Project("{FAE04EC0-301F-11D3-BF4B-00C04F79EFBC}") = "Unity.InputSystem.ForUI", "Unity.InputSystem.ForUI.csproj", "{413ff791-93c1-1d82-7085-e845e5a918ab}"
EndProject
Project("{FAE04EC0-301F-11D3-BF4B-00C04F79EFBC}") = "Unity.Mathematics.Editor", "Unity.Mathematics.Editor.csproj", "{66c67aad-c628-5168-ee4e-777230f4f896}"
EndProject
Project("{FAE04EC0-301F-11D3-BF4B-00C04F79EFBC}") = "Unity.Timeline", "Unity.Timeline.Player.csproj", "{35f7f40b-e2fa-801c-9b6f-0e6ae1f9f285}"
EndProject
Project("{FAE04EC0-301F-11D3-BF4B-00C04F79EFBC}") = "UnityEngine.UI", "UnityEngine.UI.Player.csproj", "{7a043b3a-b1dc-9d66-abc5-5d981f5f4969}"
EndProject
Project("{FAE04EC0-301F-11D3-BF4B-00C04F79EFBC}") = "Unity.InputSystem", "Unity.InputSystem.Player.csproj", "{a214d0be-e491-adbe-e061-908c03ae1ae8}"
EndProject
Project("{FAE04EC0-301F-11D3-BF4B-00C04F79EFBC}") = "Nobi.UiRoundedCorners", "Nobi.UiRoundedCorners.Player.csproj", "{74bbb061-79d7-da5c-79f5-2a1574703a8d}"
EndProject
Project("{FAE04EC0-301F-11D3-BF4B-00C04F79EFBC}") = "Unity.Mathematics", "Unity.Mathematics.Player.csproj", "{81741f7a-b199-e014-b203-5acbe6158660}"
EndProject
Project("{FAE04EC0-301F-11D3-BF4B-00C04F79EFBC}") = "UnityEngine.TestRunner", "UnityEngine.TestRunner.Player.csproj", "{6ec3aa9d-0353-8e85-ca51-d748a4f1c504}"
EndProject
Project("{FAE04EC0-301F-11D3-BF4B-00C04F79EFBC}") = "Ink-Libraries", "Ink-Libraries.Player.csproj", "{91f62223-c419-2a1e-51f5-bcbc18491594}"
EndProject
Project("{FAE04EC0-301F-11D3-BF4B-00C04F79EFBC}") = "Unity.Burst", "Unity.Burst.Player.csproj", "{ef03aa0c-ba98-6b5c-5a8e-ca6dcfe912d3}"
EndProject
Project("{FAE04EC0-301F-11D3-BF4B-00C04F79EFBC}") = "Assembly-CSharp", "Assembly-CSharp.Player.csproj", "{b81ff13b-7231-4fc9-18b4-948f02b8d467}"
EndProject
Project("{FAE04EC0-301F-11D3-BF4B-00C04F79EFBC}") = "Unity.AI.Navigation", "Unity.AI.Navigation.Player.csproj", "{ebe6cf97-7a09-025e-d8de-6c576e33592d}"
EndProject
Project("{FAE04EC0-301F-11D3-BF4B-00C04F79EFBC}") = "Unity.TextMeshPro", "Unity.TextMeshPro.Player.csproj", "{b5564d30-ab2d-f7fc-c696-1e9ac2dd415c}"
EndProject
Project("{FAE04EC0-301F-11D3-BF4B-00C04F79EFBC}") = "Unity.InputSystem.TestFramework", "Unity.InputSystem.TestFramework.Player.csproj", "{6c69f27a-9823-1378-ed82-69da4e386277}"
EndProject
Project("{FAE04EC0-301F-11D3-BF4B-00C04F79EFBC}") = "Assembly-CSharp-firstpass", "Assembly-CSharp-firstpass.Player.csproj", "{bb12460e-9ece-aed9-db39-b3feab2ef174}"
EndProject
Project("{FAE04EC0-301F-11D3-BF4B-00C04F79EFBC}") = "Unity.InternalAPIEngineBridge.001", "Unity.InternalAPIEngineBridge.001.Player.csproj", "{60ea3e6b-eece-4a60-b14f-a1e4ade9e64c}"
EndProject
Project("{FAE04EC0-301F-11D3-BF4B-00C04F79EFBC}") = "Unity.2D.Common.Runtime", "Unity.2D.Common.Runtime.Player.csproj", "{5c545d8d-1481-a0a0-779b-2029e3b3943c}"
EndProject
Project("{FAE04EC0-301F-11D3-BF4B-00C04F79EFBC}") = "Unity.Multiplayer.Center.Common", "Unity.Multiplayer.Center.Common.Player.csproj", "{048e1fb3-96b5-50ce-571c-4517610b7809}"
EndProject
Project("{FAE04EC0-301F-11D3-BF4B-00C04F79EFBC}") = "Unity.InputSystem.ForUI", "Unity.InputSystem.ForUI.Player.csproj", "{322dafd6-b21a-867f-a9b3-551026cc9ff1}"
EndProject
Project("{FAE04EC0-301F-11D3-BF4B-00C04F79EFBC}") = "Unity.AI.Navigation.Tests.EditorInPlaymode", "Unity.AI.Navigation.Tests.EditorInPlaymode.csproj", "{60e348ef-f8ca-4c28-f718-e4953decd69f}"
EndProject
Project("{FAE04EC0-301F-11D3-BF4B-00C04F79EFBC}") = "Assembly-CSharp-Editor", "Assembly-CSharp-Editor.csproj", "{ed64dfe3-a72b-5f14-e7aa-09bf329cc835}"
EndProject
Project("{FAE04EC0-301F-11D3-BF4B-00C04F79EFBC}") = "Unity.Mathematics.Tests", "Unity.Mathematics.Tests.csproj", "{fa4c5a0b-e74e-ec0e-b222-949ddccb1046}"
EndProject
Project("{FAE04EC0-301F-11D3-BF4B-00C04F79EFBC}") = "Unity.2D.Sprite.Package.EditorTests", "Unity.2D.Sprite.Package.EditorTests.csproj", "{86d2ede3-7ff9-3ccf-50ea-f16ad736e784}"
EndProject
Project("{FAE04EC0-301F-11D3-BF4B-00C04F79EFBC}") = "Unity.2D.Common.EditorTests", "Unity.2D.Common.EditorTests.csproj", "{c2dd8ac5-4221-a59d-acc9-8f58698e9366}"
EndProject
Project("{FAE04EC0-301F-11D3-BF4B-00C04F79EFBC}") = "Unity.AI.Navigation.Tests", "Unity.AI.Navigation.Tests.csproj", "{67f5750b-8aca-6203-2cb9-c46c2456dd8d}"
EndProject
Project("{FAE04EC0-301F-11D3-BF4B-00C04F79EFBC}") = "Unity.TextMeshPro.Editor.Tests", "Unity.TextMeshPro.Editor.Tests.csproj", "{54034c7d-c723-68a0-41dd-ace5ad2a4a59}"
EndProject
Project("{FAE04EC0-301F-11D3-BF4B-00C04F79EFBC}") = "DocCodeExamples", "DocCodeExamples.csproj", "{bb787cf8-ebdc-1559-f5cc-09de9e1c650d}"
EndProject
Project("{FAE04EC0-301F-11D3-BF4B-00C04F79EFBC}") = "Unity.Multiplayer.Center.Tests", "Unity.Multiplayer.Center.Tests.csproj", "{9ce1c3ab-8cca-7455-eff5-0a342541664a}"
EndProject
Project("{FAE04EC0-301F-11D3-BF4B-00C04F79EFBC}") = "Unity.AI.Navigation.LegacyOffMeshLink.Tests", "Unity.AI.Navigation.LegacyOffMeshLink.Tests.csproj", "{220645a5-da7c-91df-a736-9480b9081d40}"
EndProject
Project("{FAE04EC0-301F-11D3-BF4B-00C04F79EFBC}") = "Unity.2D.Psdimporter.EditorTests", "Unity.2D.Psdimporter.EditorTests.csproj", "{1ff1599a-c295-855a-56c6-02640b171e25}"
EndProject
Project("{FAE04EC0-301F-11D3-BF4B-00C04F79EFBC}") = "Unity.Multiplayer.Center.Editor.Tests", "Unity.Multiplayer.Center.Editor.Tests.csproj", "{2c60e335-aff5-2d10-34cd-e0d9c1b0190f}"
EndProject
Project("{FAE04EC0-301F-11D3-BF4B-00C04F79EFBC}") = "Unity.AI.Navigation.Editor.Tests", "Unity.AI.Navigation.Editor.Tests.csproj", "{5bb4ca0c-a49c-d15c-4579-30581ddc54be}"
EndProject
Project("{FAE04EC0-301F-11D3-BF4B-00C04F79EFBC}") = "UnityEngine.UI.Tests", "UnityEngine.UI.Tests.csproj", "{58b22ec8-1922-0cac-1b6c-7cefecedeaa7}"
EndProject
Project("{FAE04EC0-301F-11D3-BF4B-00C04F79EFBC}") = "Unity.InputSystem.IntegrationTests", "Unity.InputSystem.IntegrationTests.csproj", "{aeb6e157-9e17-e9b7-1778-32d2f8ee11f9}"
EndProject
Project("{FAE04EC0-301F-11D3-BF4B-00C04F79EFBC}") = "Unity.TextMeshPro.Tests", "Unity.TextMeshPro.Tests.csproj", "{160551fc-e8b0-13fe-76e9-04f16af023ef}"
EndProject
Project("{FAE04EC0-301F-11D3-BF4B-00C04F79EFBC}") = "UnityEditor.UI.EditorTests", "UnityEditor.UI.EditorTests.csproj", "{1180adf0-c9a1-b0e8-8fbe-6ad55924fc19}"
EndProject
Global
	GlobalSection(SolutionConfigurationPlatforms) = preSolution
		Debug|Any CPU = Debug|Any CPU
	EndGlobalSection
	GlobalSection(ProjectConfigurationPlatforms) = postSolution
		{760f05d7-8382-d562-d3dc-86c951836654}.Debug|Any CPU.ActiveCfg = Debug|Any CPU
		{760f05d7-8382-d562-d3dc-86c951836654}.Debug|Any CPU.Build.0 = Debug|Any CPU
		{e949955a-52e4-9404-589e-4d13dbecec20}.Debug|Any CPU.ActiveCfg = Debug|Any CPU
		{e949955a-52e4-9404-589e-4d13dbecec20}.Debug|Any CPU.Build.0 = Debug|Any CPU
		{ea9f04f8-ac8a-fc74-3667-ec793edf9dff}.Debug|Any CPU.ActiveCfg = Debug|Any CPU
		{ea9f04f8-ac8a-fc74-3667-ec793edf9dff}.Debug|Any CPU.Build.0 = Debug|Any CPU
		{a54b71fd-1b76-d6d6-6556-c9e4c8b2c11c}.Debug|Any CPU.ActiveCfg = Debug|Any CPU
		{a54b71fd-1b76-d6d6-6556-c9e4c8b2c11c}.Debug|Any CPU.Build.0 = Debug|Any CPU
		{1ec6e3eb-a97d-6e25-aabf-1f121ee15669}.Debug|Any CPU.ActiveCfg = Debug|Any CPU
		{1ec6e3eb-a97d-6e25-aabf-1f121ee15669}.Debug|Any CPU.Build.0 = Debug|Any CPU
		{62c7117c-7d7a-a7c6-b76b-c151c04b5105}.Debug|Any CPU.ActiveCfg = Debug|Any CPU
		{62c7117c-7d7a-a7c6-b76b-c151c04b5105}.Debug|Any CPU.Build.0 = Debug|Any CPU
		{d6393301-0638-2ae2-5374-c9a0fc390e96}.Debug|Any CPU.ActiveCfg = Debug|Any CPU
		{d6393301-0638-2ae2-5374-c9a0fc390e96}.Debug|Any CPU.Build.0 = Debug|Any CPU
		{bd8d6f30-092c-4dc2-d1f3-11d0ef995d84}.Debug|Any CPU.ActiveCfg = Debug|Any CPU
		{bd8d6f30-092c-4dc2-d1f3-11d0ef995d84}.Debug|Any CPU.Build.0 = Debug|Any CPU
		{845515c5-4ceb-eed3-1db7-c89325fd3cd9}.Debug|Any CPU.ActiveCfg = Debug|Any CPU
		{845515c5-4ceb-eed3-1db7-c89325fd3cd9}.Debug|Any CPU.Build.0 = Debug|Any CPU
		{0f17f807-0623-0edc-aaf1-bf70eaecfc7c}.Debug|Any CPU.ActiveCfg = Debug|Any CPU
		{0f17f807-0623-0edc-aaf1-bf70eaecfc7c}.Debug|Any CPU.Build.0 = Debug|Any CPU
		{af5f0c37-8077-ec99-dd2d-03e99ad68d53}.Debug|Any CPU.ActiveCfg = Debug|Any CPU
		{af5f0c37-8077-ec99-dd2d-03e99ad68d53}.Debug|Any CPU.Build.0 = Debug|Any CPU
		{6bb0f60d-eb61-f24e-fea1-924fde5a7e57}.Debug|Any CPU.ActiveCfg = Debug|Any CPU
		{6bb0f60d-eb61-f24e-fea1-924fde5a7e57}.Debug|Any CPU.Build.0 = Debug|Any CPU
		{ed2b2a3b-baa1-a96b-dfb9-0b777d5f3fe8}.Debug|Any CPU.ActiveCfg = Debug|Any CPU
		{ed2b2a3b-baa1-a96b-dfb9-0b777d5f3fe8}.Debug|Any CPU.Build.0 = Debug|Any CPU
		{0fd2f598-09d8-650a-e88e-5872fca0d638}.Debug|Any CPU.ActiveCfg = Debug|Any CPU
		{0fd2f598-09d8-650a-e88e-5872fca0d638}.Debug|Any CPU.Build.0 = Debug|Any CPU
		{24a90170-db09-9c23-8854-e675fd7bfaea}.Debug|Any CPU.ActiveCfg = Debug|Any CPU
		{24a90170-db09-9c23-8854-e675fd7bfaea}.Debug|Any CPU.Build.0 = Debug|Any CPU
		{28b73303-623f-e896-f092-c3fdaee69340}.Debug|Any CPU.ActiveCfg = Debug|Any CPU
		{28b73303-623f-e896-f092-c3fdaee69340}.Debug|Any CPU.Build.0 = Debug|Any CPU
		{05664fcd-b661-7a68-ced0-88b1155a1e55}.Debug|Any CPU.ActiveCfg = Debug|Any CPU
		{05664fcd-b661-7a68-ced0-88b1155a1e55}.Debug|Any CPU.Build.0 = Debug|Any CPU
		{e55037f7-aa6a-5456-b209-b82558e888c3}.Debug|Any CPU.ActiveCfg = Debug|Any CPU
		{e55037f7-aa6a-5456-b209-b82558e888c3}.Debug|Any CPU.Build.0 = Debug|Any CPU
		{90154e87-280e-57e0-6889-7b92d793bbca}.Debug|Any CPU.ActiveCfg = Debug|Any CPU
		{90154e87-280e-57e0-6889-7b92d793bbca}.Debug|Any CPU.Build.0 = Debug|Any CPU
		{3d2c4c4d-617c-2f94-1c42-3b8716ce2791}.Debug|Any CPU.ActiveCfg = Debug|Any CPU
		{3d2c4c4d-617c-2f94-1c42-3b8716ce2791}.Debug|Any CPU.Build.0 = Debug|Any CPU
		{cd4f69c0-e9ec-8791-310b-1458cdeece47}.Debug|Any CPU.ActiveCfg = Debug|Any CPU
		{cd4f69c0-e9ec-8791-310b-1458cdeece47}.Debug|Any CPU.Build.0 = Debug|Any CPU
		{566b3636-4126-5b4f-dc82-8bf2f541c379}.Debug|Any CPU.ActiveCfg = Debug|Any CPU
		{566b3636-4126-5b4f-dc82-8bf2f541c379}.Debug|Any CPU.Build.0 = Debug|Any CPU
		{5d8f1108-7242-fc02-0f44-f64a43020a89}.Debug|Any CPU.ActiveCfg = Debug|Any CPU
		{5d8f1108-7242-fc02-0f44-f64a43020a89}.Debug|Any CPU.Build.0 = Debug|Any CPU
		{42e05a93-3883-43ee-a8d8-7c1f63ad91c1}.Debug|Any CPU.ActiveCfg = Debug|Any CPU
		{42e05a93-3883-43ee-a8d8-7c1f63ad91c1}.Debug|Any CPU.Build.0 = Debug|Any CPU
		{664bf4ef-a8bf-dd30-8729-435103f76680}.Debug|Any CPU.ActiveCfg = Debug|Any CPU
		{664bf4ef-a8bf-dd30-8729-435103f76680}.Debug|Any CPU.Build.0 = Debug|Any CPU
		{3a0172a7-3073-f316-b569-fa2ee1da8d0a}.Debug|Any CPU.ActiveCfg = Debug|Any CPU
		{3a0172a7-3073-f316-b569-fa2ee1da8d0a}.Debug|Any CPU.Build.0 = Debug|Any CPU
		{4e620818-b1db-03fa-63d9-1afd0c5c7e9d}.Debug|Any CPU.ActiveCfg = Debug|Any CPU
		{4e620818-b1db-03fa-63d9-1afd0c5c7e9d}.Debug|Any CPU.Build.0 = Debug|Any CPU
		{a62b1f24-c2c5-b0ec-fac6-1dc774b6ce76}.Debug|Any CPU.ActiveCfg = Debug|Any CPU
		{a62b1f24-c2c5-b0ec-fac6-1dc774b6ce76}.Debug|Any CPU.Build.0 = Debug|Any CPU
		{3a4733f0-99f5-6b87-3ed6-439fc4753956}.Debug|Any CPU.ActiveCfg = Debug|Any CPU
		{3a4733f0-99f5-6b87-3ed6-439fc4753956}.Debug|Any CPU.Build.0 = Debug|Any CPU
		{358fb24a-0338-67f6-8e0f-a3550e26c8aa}.Debug|Any CPU.ActiveCfg = Debug|Any CPU
		{358fb24a-0338-67f6-8e0f-a3550e26c8aa}.Debug|Any CPU.Build.0 = Debug|Any CPU
		{e5f4682a-e80b-1685-9e19-8f84b0bafd10}.Debug|Any CPU.ActiveCfg = Debug|Any CPU
		{e5f4682a-e80b-1685-9e19-8f84b0bafd10}.Debug|Any CPU.Build.0 = Debug|Any CPU
		{577f284d-b172-570b-dafd-fea16c28c5a1}.Debug|Any CPU.ActiveCfg = Debug|Any CPU
		{577f284d-b172-570b-dafd-fea16c28c5a1}.Debug|Any CPU.Build.0 = Debug|Any CPU
		{10086a69-5f0a-6ea7-4649-f5fb361f96f7}.Debug|Any CPU.ActiveCfg = Debug|Any CPU
		{10086a69-5f0a-6ea7-4649-f5fb361f96f7}.Debug|Any CPU.Build.0 = Debug|Any CPU
		{b1c01d71-4b58-5416-bdf7-19c3d384d4e6}.Debug|Any CPU.ActiveCfg = Debug|Any CPU
		{b1c01d71-4b58-5416-bdf7-19c3d384d4e6}.Debug|Any CPU.Build.0 = Debug|Any CPU
		{186734e2-e84e-f13a-02e3-dbf899a97571}.Debug|Any CPU.ActiveCfg = Debug|Any CPU
		{186734e2-e84e-f13a-02e3-dbf899a97571}.Debug|Any CPU.Build.0 = Debug|Any CPU
		{980e5a21-def8-687b-6164-11cda2003d7b}.Debug|Any CPU.ActiveCfg = Debug|Any CPU
		{980e5a21-def8-687b-6164-11cda2003d7b}.Debug|Any CPU.Build.0 = Debug|Any CPU
		{5dcb9f2b-d436-8b96-614d-a8b6b8f10cb5}.Debug|Any CPU.ActiveCfg = Debug|Any CPU
		{5dcb9f2b-d436-8b96-614d-a8b6b8f10cb5}.Debug|Any CPU.Build.0 = Debug|Any CPU
		{968510b7-f412-a161-6357-6c9d5dbf18de}.Debug|Any CPU.ActiveCfg = Debug|Any CPU
		{968510b7-f412-a161-6357-6c9d5dbf18de}.Debug|Any CPU.Build.0 = Debug|Any CPU
		{2ae19e1c-0b66-bf35-e0c4-eea1523da7a6}.Debug|Any CPU.ActiveCfg = Debug|Any CPU
		{2ae19e1c-0b66-bf35-e0c4-eea1523da7a6}.Debug|Any CPU.Build.0 = Debug|Any CPU
		{413ff791-93c1-1d82-7085-e845e5a918ab}.Debug|Any CPU.ActiveCfg = Debug|Any CPU
		{413ff791-93c1-1d82-7085-e845e5a918ab}.Debug|Any CPU.Build.0 = Debug|Any CPU
		{66c67aad-c628-5168-ee4e-777230f4f896}.Debug|Any CPU.ActiveCfg = Debug|Any CPU
		{66c67aad-c628-5168-ee4e-777230f4f896}.Debug|Any CPU.Build.0 = Debug|Any CPU
		{35f7f40b-e2fa-801c-9b6f-0e6ae1f9f285}.Debug|Any CPU.ActiveCfg = Debug|Any CPU
		{35f7f40b-e2fa-801c-9b6f-0e6ae1f9f285}.Debug|Any CPU.Build.0 = Debug|Any CPU
		{7a043b3a-b1dc-9d66-abc5-5d981f5f4969}.Debug|Any CPU.ActiveCfg = Debug|Any CPU
		{7a043b3a-b1dc-9d66-abc5-5d981f5f4969}.Debug|Any CPU.Build.0 = Debug|Any CPU
		{a214d0be-e491-adbe-e061-908c03ae1ae8}.Debug|Any CPU.ActiveCfg = Debug|Any CPU
		{a214d0be-e491-adbe-e061-908c03ae1ae8}.Debug|Any CPU.Build.0 = Debug|Any CPU
		{74bbb061-79d7-da5c-79f5-2a1574703a8d}.Debug|Any CPU.ActiveCfg = Debug|Any CPU
		{74bbb061-79d7-da5c-79f5-2a1574703a8d}.Debug|Any CPU.Build.0 = Debug|Any CPU
		{81741f7a-b199-e014-b203-5acbe6158660}.Debug|Any CPU.ActiveCfg = Debug|Any CPU
		{81741f7a-b199-e014-b203-5acbe6158660}.Debug|Any CPU.Build.0 = Debug|Any CPU
		{6ec3aa9d-0353-8e85-ca51-d748a4f1c504}.Debug|Any CPU.ActiveCfg = Debug|Any CPU
		{6ec3aa9d-0353-8e85-ca51-d748a4f1c504}.Debug|Any CPU.Build.0 = Debug|Any CPU
		{91f62223-c419-2a1e-51f5-bcbc18491594}.Debug|Any CPU.ActiveCfg = Debug|Any CPU
		{91f62223-c419-2a1e-51f5-bcbc18491594}.Debug|Any CPU.Build.0 = Debug|Any CPU
		{ef03aa0c-ba98-6b5c-5a8e-ca6dcfe912d3}.Debug|Any CPU.ActiveCfg = Debug|Any CPU
		{ef03aa0c-ba98-6b5c-5a8e-ca6dcfe912d3}.Debug|Any CPU.Build.0 = Debug|Any CPU
		{b81ff13b-7231-4fc9-18b4-948f02b8d467}.Debug|Any CPU.ActiveCfg = Debug|Any CPU
		{b81ff13b-7231-4fc9-18b4-948f02b8d467}.Debug|Any CPU.Build.0 = Debug|Any CPU
		{ebe6cf97-7a09-025e-d8de-6c576e33592d}.Debug|Any CPU.ActiveCfg = Debug|Any CPU
		{ebe6cf97-7a09-025e-d8de-6c576e33592d}.Debug|Any CPU.Build.0 = Debug|Any CPU
		{b5564d30-ab2d-f7fc-c696-1e9ac2dd415c}.Debug|Any CPU.ActiveCfg = Debug|Any CPU
		{b5564d30-ab2d-f7fc-c696-1e9ac2dd415c}.Debug|Any CPU.Build.0 = Debug|Any CPU
		{6c69f27a-9823-1378-ed82-69da4e386277}.Debug|Any CPU.ActiveCfg = Debug|Any CPU
		{6c69f27a-9823-1378-ed82-69da4e386277}.Debug|Any CPU.Build.0 = Debug|Any CPU
		{bb12460e-9ece-aed9-db39-b3feab2ef174}.Debug|Any CPU.ActiveCfg = Debug|Any CPU
		{bb12460e-9ece-aed9-db39-b3feab2ef174}.Debug|Any CPU.Build.0 = Debug|Any CPU
		{60ea3e6b-eece-4a60-b14f-a1e4ade9e64c}.Debug|Any CPU.ActiveCfg = Debug|Any CPU
		{60ea3e6b-eece-4a60-b14f-a1e4ade9e64c}.Debug|Any CPU.Build.0 = Debug|Any CPU
		{5c545d8d-1481-a0a0-779b-2029e3b3943c}.Debug|Any CPU.ActiveCfg = Debug|Any CPU
		{5c545d8d-1481-a0a0-779b-2029e3b3943c}.Debug|Any CPU.Build.0 = Debug|Any CPU
		{048e1fb3-96b5-50ce-571c-4517610b7809}.Debug|Any CPU.ActiveCfg = Debug|Any CPU
		{048e1fb3-96b5-50ce-571c-4517610b7809}.Debug|Any CPU.Build.0 = Debug|Any CPU
		{322dafd6-b21a-867f-a9b3-551026cc9ff1}.Debug|Any CPU.ActiveCfg = Debug|Any CPU
		{322dafd6-b21a-867f-a9b3-551026cc9ff1}.Debug|Any CPU.Build.0 = Debug|Any CPU
		{60e348ef-f8ca-4c28-f718-e4953decd69f}.Debug|Any CPU.ActiveCfg = Debug|Any CPU
		{60e348ef-f8ca-4c28-f718-e4953decd69f}.Debug|Any CPU.Build.0 = Debug|Any CPU
		{ed64dfe3-a72b-5f14-e7aa-09bf329cc835}.Debug|Any CPU.ActiveCfg = Debug|Any CPU
		{ed64dfe3-a72b-5f14-e7aa-09bf329cc835}.Debug|Any CPU.Build.0 = Debug|Any CPU
		{fa4c5a0b-e74e-ec0e-b222-949ddccb1046}.Debug|Any CPU.ActiveCfg = Debug|Any CPU
		{fa4c5a0b-e74e-ec0e-b222-949ddccb1046}.Debug|Any CPU.Build.0 = Debug|Any CPU
		{86d2ede3-7ff9-3ccf-50ea-f16ad736e784}.Debug|Any CPU.ActiveCfg = Debug|Any CPU
		{86d2ede3-7ff9-3ccf-50ea-f16ad736e784}.Debug|Any CPU.Build.0 = Debug|Any CPU
		{c2dd8ac5-4221-a59d-acc9-8f58698e9366}.Debug|Any CPU.ActiveCfg = Debug|Any CPU
		{c2dd8ac5-4221-a59d-acc9-8f58698e9366}.Debug|Any CPU.Build.0 = Debug|Any CPU
		{67f5750b-8aca-6203-2cb9-c46c2456dd8d}.Debug|Any CPU.ActiveCfg = Debug|Any CPU
		{67f5750b-8aca-6203-2cb9-c46c2456dd8d}.Debug|Any CPU.Build.0 = Debug|Any CPU
		{54034c7d-c723-68a0-41dd-ace5ad2a4a59}.Debug|Any CPU.ActiveCfg = Debug|Any CPU
		{54034c7d-c723-68a0-41dd-ace5ad2a4a59}.Debug|Any CPU.Build.0 = Debug|Any CPU
		{bb787cf8-ebdc-1559-f5cc-09de9e1c650d}.Debug|Any CPU.ActiveCfg = Debug|Any CPU
		{bb787cf8-ebdc-1559-f5cc-09de9e1c650d}.Debug|Any CPU.Build.0 = Debug|Any CPU
		{9ce1c3ab-8cca-7455-eff5-0a342541664a}.Debug|Any CPU.ActiveCfg = Debug|Any CPU
		{9ce1c3ab-8cca-7455-eff5-0a342541664a}.Debug|Any CPU.Build.0 = Debug|Any CPU
		{220645a5-da7c-91df-a736-9480b9081d40}.Debug|Any CPU.ActiveCfg = Debug|Any CPU
		{220645a5-da7c-91df-a736-9480b9081d40}.Debug|Any CPU.Build.0 = Debug|Any CPU
		{1ff1599a-c295-855a-56c6-02640b171e25}.Debug|Any CPU.ActiveCfg = Debug|Any CPU
		{1ff1599a-c295-855a-56c6-02640b171e25}.Debug|Any CPU.Build.0 = Debug|Any CPU
		{2c60e335-aff5-2d10-34cd-e0d9c1b0190f}.Debug|Any CPU.ActiveCfg = Debug|Any CPU
		{2c60e335-aff5-2d10-34cd-e0d9c1b0190f}.Debug|Any CPU.Build.0 = Debug|Any CPU
		{5bb4ca0c-a49c-d15c-4579-30581ddc54be}.Debug|Any CPU.ActiveCfg = Debug|Any CPU
		{5bb4ca0c-a49c-d15c-4579-30581ddc54be}.Debug|Any CPU.Build.0 = Debug|Any CPU
		{58b22ec8-1922-0cac-1b6c-7cefecedeaa7}.Debug|Any CPU.ActiveCfg = Debug|Any CPU
		{58b22ec8-1922-0cac-1b6c-7cefecedeaa7}.Debug|Any CPU.Build.0 = Debug|Any CPU
		{aeb6e157-9e17-e9b7-1778-32d2f8ee11f9}.Debug|Any CPU.ActiveCfg = Debug|Any CPU
		{aeb6e157-9e17-e9b7-1778-32d2f8ee11f9}.Debug|Any CPU.Build.0 = Debug|Any CPU
		{160551fc-e8b0-13fe-76e9-04f16af023ef}.Debug|Any CPU.ActiveCfg = Debug|Any CPU
		{160551fc-e8b0-13fe-76e9-04f16af023ef}.Debug|Any CPU.Build.0 = Debug|Any CPU
		{1180adf0-c9a1-b0e8-8fbe-6ad55924fc19}.Debug|Any CPU.ActiveCfg = Debug|Any CPU
		{1180adf0-c9a1-b0e8-8fbe-6ad55924fc19}.Debug|Any CPU.Build.0 = Debug|Any CPU
	EndGlobalSection
	GlobalSection(SolutionProperties) = preSolution
		HideSolutionNode = FALSE
	EndGlobalSection
EndGlobal
